
Microsoft Visual Studio Solution File, Format Version 12.00
# Visual Studio Version 17
VisualStudioVersion = 17.0.31521.260
MinimumVisualStudioVersion = 10.0.40219.1
Project("{9A19103F-16F7-4668-BE54-9A1E7A4F7556}") = "ThreeLinesOfString", "ThreeLinesOfString\ThreeLinesOfString.csproj", "{CC9C194B-775E-41FA-98DF-5668BC72919E}"
EndProject
Project("{9A19103F-16F7-4668-BE54-9A1E7A4F7556}") = "PyramidAndNodes", "PyramidAndNodes\PyramidAndNodes.csproj", "{09EB37E4-E30D-4FF9-8A07-E283B990F874}"
EndProject
Project("{9A19103F-16F7-4668-BE54-9A1E7A4F7556}") = "09.08.Tests", "09.08.Tests\09.08.Tests.csproj", "{68B4E378-33FA-41B2-BE57-D368E6B769C9}"
EndProject
Global
	GlobalSection(SolutionConfigurationPlatforms) = preSolution
		Debug|Any CPU = Debug|Any CPU
		Release|Any CPU = Release|Any CPU
	EndGlobalSection
	GlobalSection(ProjectConfigurationPlatforms) = postSolution
		{CC9C194B-775E-41FA-98DF-5668BC72919E}.Debug|Any CPU.ActiveCfg = Debug|Any CPU
		{CC9C194B-775E-41FA-98DF-5668BC72919E}.Debug|Any CPU.Build.0 = Debug|Any CPU
		{CC9C194B-775E-41FA-98DF-5668BC72919E}.Release|Any CPU.ActiveCfg = Release|Any CPU
		{CC9C194B-775E-41FA-98DF-5668BC72919E}.Release|Any CPU.Build.0 = Release|Any CPU
		{09EB37E4-E30D-4FF9-8A07-E283B990F874}.Debug|Any CPU.ActiveCfg = Debug|Any CPU
		{09EB37E4-E30D-4FF9-8A07-E283B990F874}.Debug|Any CPU.Build.0 = Debug|Any CPU
		{09EB37E4-E30D-4FF9-8A07-E283B990F874}.Release|Any CPU.ActiveCfg = Release|Any CPU
		{09EB37E4-E30D-4FF9-8A07-E283B990F874}.Release|Any CPU.Build.0 = Release|Any CPU
		{68B4E378-33FA-41B2-BE57-D368E6B769C9}.Debug|Any CPU.ActiveCfg = Debug|Any CPU
		{68B4E378-33FA-41B2-BE57-D368E6B769C9}.Debug|Any CPU.Build.0 = Debug|Any CPU
		{68B4E378-33FA-41B2-BE57-D368E6B769C9}.Release|Any CPU.ActiveCfg = Release|Any CPU
		{68B4E378-33FA-41B2-BE57-D368E6B769C9}.Release|Any CPU.Build.0 = Release|Any CPU
	EndGlobalSection
	GlobalSection(SolutionProperties) = preSolution
		HideSolutionNode = FALSE
	EndGlobalSection
	GlobalSection(ExtensibilityGlobals) = postSolution
		SolutionGuid = {16E229E9-E333-4743-AF69-A4F5E1FB6DBC}
	EndGlobalSection
EndGlobal
